// !$*UTF8*$!
{
	archiveVersion = 1;
	classes = {
	};
	objectVersion = 52;
	objects = {

/* Begin PBXBuildFile section */
		8D4CD87423EC6B6300A3A9F4 /* AppDelegate.swift in Sources */ = {isa = PBXBuildFile; fileRef = 8D4CD87323EC6B6300A3A9F4 /* AppDelegate.swift */; };
		8D4CD87623EC6B6300A3A9F4 /* SceneDelegate.swift in Sources */ = {isa = PBXBuildFile; fileRef = 8D4CD87523EC6B6300A3A9F4 /* SceneDelegate.swift */; };
		8D4CD87D23EC6B6700A3A9F4 /* Assets.xcassets in Resources */ = {isa = PBXBuildFile; fileRef = 8D4CD87C23EC6B6700A3A9F4 /* Assets.xcassets */; };
		8D4CD88023EC6B6700A3A9F4 /* LaunchScreen.storyboard in Resources */ = {isa = PBXBuildFile; fileRef = 8D4CD87E23EC6B6700A3A9F4 /* LaunchScreen.storyboard */; };
		8D4CD88B23EC6B6700A3A9F4 /* NYTTopStoriesTests.swift in Sources */ = {isa = PBXBuildFile; fileRef = 8D4CD88A23EC6B6700A3A9F4 /* NYTTopStoriesTests.swift */; };
		8D4CD89823EC6C8100A3A9F4 /* TopStoriesTabViewController.swift in Sources */ = {isa = PBXBuildFile; fileRef = 8D4CD89723EC6C8100A3A9F4 /* TopStoriesTabViewController.swift */; };
		8D4CD89B23EC6E5100A3A9F4 /* NewsFeedViewController.swift in Sources */ = {isa = PBXBuildFile; fileRef = 8D4CD89A23EC6E5100A3A9F4 /* NewsFeedViewController.swift */; };
		8D4CD89D23EC6E6C00A3A9F4 /* SavedArticlesViewController.swift in Sources */ = {isa = PBXBuildFile; fileRef = 8D4CD89C23EC6E6C00A3A9F4 /* SavedArticlesViewController.swift */; };
		8D4CD89F23EC6E8600A3A9F4 /* SettingsViewController.swift in Sources */ = {isa = PBXBuildFile; fileRef = 8D4CD89E23EC6E8600A3A9F4 /* SettingsViewController.swift */; };
		8D4CD8A123EC715B00A3A9F4 /* NewsFeedView.swift in Sources */ = {isa = PBXBuildFile; fileRef = 8D4CD8A023EC715B00A3A9F4 /* NewsFeedView.swift */; };
		8D4CD8A423EC854200A3A9F4 /* TopStoryModel.swift in Sources */ = {isa = PBXBuildFile; fileRef = 8D4CD8A323EC854200A3A9F4 /* TopStoryModel.swift */; };
		8D4CD8A623EC862500A3A9F4 /* NYTTopStoriesAPIClient.swift in Sources */ = {isa = PBXBuildFile; fileRef = 8D4CD8A523EC862500A3A9F4 /* NYTTopStoriesAPIClient.swift */; };
		8D4CD8A923EC86A300A3A9F4 /* ImageKit in Frameworks */ = {isa = PBXBuildFile; productRef = 8D4CD8A823EC86A300A3A9F4 /* ImageKit */; };
		8D4CD8AB23EC8BFF00A3A9F4 /* Config.swift in Sources */ = {isa = PBXBuildFile; fileRef = 8D4CD8AA23EC8BFF00A3A9F4 /* Config.swift */; };
		8D4CD8B023EDB6EC00A3A9F4 /* NewsCell.swift in Sources */ = {isa = PBXBuildFile; fileRef = 8D4CD8AF23EDB6EC00A3A9F4 /* NewsCell.swift */; };
		8D4CD8B223EDCB6F00A3A9F4 /* ArticleDetailController.swift in Sources */ = {isa = PBXBuildFile; fileRef = 8D4CD8B123EDCB6F00A3A9F4 /* ArticleDetailController.swift */; };
		8D4CD8B423EDD12400A3A9F4 /* ArticleDetailView.swift in Sources */ = {isa = PBXBuildFile; fileRef = 8D4CD8B323EDD12400A3A9F4 /* ArticleDetailView.swift */; };
		8DA0D6D123F1AC3600B16097 /* SavedArticleView.swift in Sources */ = {isa = PBXBuildFile; fileRef = 8DA0D6D023F1AC3600B16097 /* SavedArticleView.swift */; };
		8DA0D6D323F1B34000B16097 /* EmptyView.swift in Sources */ = {isa = PBXBuildFile; fileRef = 8DA0D6D223F1B34000B16097 /* EmptyView.swift */; };
		8DA0D6D523F1BB6700B16097 /* SavedArticleCell.swift in Sources */ = {isa = PBXBuildFile; fileRef = 8DA0D6D423F1BB6700B16097 /* SavedArticleCell.swift */; };
		8DA0D6D723F1CDDF00B16097 /* SettingsView.swift in Sources */ = {isa = PBXBuildFile; fileRef = 8DA0D6D623F1CDDF00B16097 /* SettingsView.swift */; };
/* End PBXBuildFile section */

/* Begin PBXContainerItemProxy section */
		8D4CD88723EC6B6700A3A9F4 /* PBXContainerItemProxy */ = {
			isa = PBXContainerItemProxy;
			containerPortal = 8D4CD86823EC6B6300A3A9F4 /* Project object */;
			proxyType = 1;
			remoteGlobalIDString = 8D4CD86F23EC6B6300A3A9F4;
			remoteInfo = NYTTopStories;
		};
/* End PBXContainerItemProxy section */

/* Begin PBXFileReference section */
		8D4CD87023EC6B6300A3A9F4 /* NYTTopStories.app */ = {isa = PBXFileReference; explicitFileType = wrapper.application; includeInIndex = 0; path = NYTTopStories.app; sourceTree = BUILT_PRODUCTS_DIR; };
		8D4CD87323EC6B6300A3A9F4 /* AppDelegate.swift */ = {isa = PBXFileReference; lastKnownFileType = sourcecode.swift; path = AppDelegate.swift; sourceTree = "<group>"; };
		8D4CD87523EC6B6300A3A9F4 /* SceneDelegate.swift */ = {isa = PBXFileReference; lastKnownFileType = sourcecode.swift; path = SceneDelegate.swift; sourceTree = "<group>"; };
		8D4CD87C23EC6B6700A3A9F4 /* Assets.xcassets */ = {isa = PBXFileReference; lastKnownFileType = folder.assetcatalog; path = Assets.xcassets; sourceTree = "<group>"; };
		8D4CD87F23EC6B6700A3A9F4 /* Base */ = {isa = PBXFileReference; lastKnownFileType = file.storyboard; name = Base; path = Base.lproj/LaunchScreen.storyboard; sourceTree = "<group>"; };
		8D4CD88123EC6B6700A3A9F4 /* Info.plist */ = {isa = PBXFileReference; lastKnownFileType = text.plist.xml; path = Info.plist; sourceTree = "<group>"; };
		8D4CD88623EC6B6700A3A9F4 /* NYTTopStoriesTests.xctest */ = {isa = PBXFileReference; explicitFileType = wrapper.cfbundle; includeInIndex = 0; path = NYTTopStoriesTests.xctest; sourceTree = BUILT_PRODUCTS_DIR; };
		8D4CD88A23EC6B6700A3A9F4 /* NYTTopStoriesTests.swift */ = {isa = PBXFileReference; lastKnownFileType = sourcecode.swift; path = NYTTopStoriesTests.swift; sourceTree = "<group>"; };
		8D4CD88C23EC6B6700A3A9F4 /* Info.plist */ = {isa = PBXFileReference; lastKnownFileType = text.plist.xml; path = Info.plist; sourceTree = "<group>"; };
		8D4CD89723EC6C8100A3A9F4 /* TopStoriesTabViewController.swift */ = {isa = PBXFileReference; lastKnownFileType = sourcecode.swift; path = TopStoriesTabViewController.swift; sourceTree = "<group>"; };
		8D4CD89A23EC6E5100A3A9F4 /* NewsFeedViewController.swift */ = {isa = PBXFileReference; lastKnownFileType = sourcecode.swift; path = NewsFeedViewController.swift; sourceTree = "<group>"; };
		8D4CD89C23EC6E6C00A3A9F4 /* SavedArticlesViewController.swift */ = {isa = PBXFileReference; lastKnownFileType = sourcecode.swift; path = SavedArticlesViewController.swift; sourceTree = "<group>"; };
		8D4CD89E23EC6E8600A3A9F4 /* SettingsViewController.swift */ = {isa = PBXFileReference; lastKnownFileType = sourcecode.swift; path = SettingsViewController.swift; sourceTree = "<group>"; };
		8D4CD8A023EC715B00A3A9F4 /* NewsFeedView.swift */ = {isa = PBXFileReference; lastKnownFileType = sourcecode.swift; path = NewsFeedView.swift; sourceTree = "<group>"; };
		8D4CD8A323EC854200A3A9F4 /* TopStoryModel.swift */ = {isa = PBXFileReference; lastKnownFileType = sourcecode.swift; path = TopStoryModel.swift; sourceTree = "<group>"; };
		8D4CD8A523EC862500A3A9F4 /* NYTTopStoriesAPIClient.swift */ = {isa = PBXFileReference; lastKnownFileType = sourcecode.swift; path = NYTTopStoriesAPIClient.swift; sourceTree = "<group>"; };
		8D4CD8AA23EC8BFF00A3A9F4 /* Config.swift */ = {isa = PBXFileReference; lastKnownFileType = sourcecode.swift; path = Config.swift; sourceTree = "<group>"; };
		8D4CD8AF23EDB6EC00A3A9F4 /* NewsCell.swift */ = {isa = PBXFileReference; lastKnownFileType = sourcecode.swift; path = NewsCell.swift; sourceTree = "<group>"; };
		8D4CD8B123EDCB6F00A3A9F4 /* ArticleDetailController.swift */ = {isa = PBXFileReference; lastKnownFileType = sourcecode.swift; path = ArticleDetailController.swift; sourceTree = "<group>"; };
		8D4CD8B323EDD12400A3A9F4 /* ArticleDetailView.swift */ = {isa = PBXFileReference; lastKnownFileType = sourcecode.swift; path = ArticleDetailView.swift; sourceTree = "<group>"; };
		8DA0D6D023F1AC3600B16097 /* SavedArticleView.swift */ = {isa = PBXFileReference; lastKnownFileType = sourcecode.swift; path = SavedArticleView.swift; sourceTree = "<group>"; };
		8DA0D6D223F1B34000B16097 /* EmptyView.swift */ = {isa = PBXFileReference; lastKnownFileType = sourcecode.swift; path = EmptyView.swift; sourceTree = "<group>"; };
		8DA0D6D423F1BB6700B16097 /* SavedArticleCell.swift */ = {isa = PBXFileReference; lastKnownFileType = sourcecode.swift; path = SavedArticleCell.swift; sourceTree = "<group>"; };
		8DA0D6D623F1CDDF00B16097 /* SettingsView.swift */ = {isa = PBXFileReference; lastKnownFileType = sourcecode.swift; path = SettingsView.swift; sourceTree = "<group>"; };
/* End PBXFileReference section */

/* Begin PBXFrameworksBuildPhase section */
		8D4CD86D23EC6B6300A3A9F4 /* Frameworks */ = {
			isa = PBXFrameworksBuildPhase;
			buildActionMask = 2147483647;
			files = (
				8D4CD8A923EC86A300A3A9F4 /* ImageKit in Frameworks */,
			);
			runOnlyForDeploymentPostprocessing = 0;
		};
		8D4CD88323EC6B6700A3A9F4 /* Frameworks */ = {
			isa = PBXFrameworksBuildPhase;
			buildActionMask = 2147483647;
			files = (
			);
			runOnlyForDeploymentPostprocessing = 0;
		};
/* End PBXFrameworksBuildPhase section */

/* Begin PBXGroup section */
		8D4CD86723EC6B6200A3A9F4 = {
			isa = PBXGroup;
			children = (
				8D4CD8AE23EDB64E00A3A9F4 /* Cells */,
				8D4CD8AA23EC8BFF00A3A9F4 /* Config.swift */,
				8D4CD8A223EC851A00A3A9F4 /* NetworkServices */,
				8D4CD89623EC6C4700A3A9F4 /* ViewControllers */,
				8D4CD89523EC6C2700A3A9F4 /* Views */,
				8D4CD87223EC6B6300A3A9F4 /* NYTTopStories */,
				8D4CD88923EC6B6700A3A9F4 /* NYTTopStoriesTests */,
				8D4CD87123EC6B6300A3A9F4 /* Products */,
			);
			sourceTree = "<group>";
		};
		8D4CD87123EC6B6300A3A9F4 /* Products */ = {
			isa = PBXGroup;
			children = (
				8D4CD87023EC6B6300A3A9F4 /* NYTTopStories.app */,
				8D4CD88623EC6B6700A3A9F4 /* NYTTopStoriesTests.xctest */,
			);
			name = Products;
			sourceTree = "<group>";
		};
		8D4CD87223EC6B6300A3A9F4 /* NYTTopStories */ = {
			isa = PBXGroup;
			children = (
				8D4CD87323EC6B6300A3A9F4 /* AppDelegate.swift */,
				8D4CD87523EC6B6300A3A9F4 /* SceneDelegate.swift */,
				8D4CD87C23EC6B6700A3A9F4 /* Assets.xcassets */,
				8D4CD87E23EC6B6700A3A9F4 /* LaunchScreen.storyboard */,
				8D4CD88123EC6B6700A3A9F4 /* Info.plist */,
			);
			path = NYTTopStories;
			sourceTree = "<group>";
		};
		8D4CD88923EC6B6700A3A9F4 /* NYTTopStoriesTests */ = {
			isa = PBXGroup;
			children = (
				8D4CD88A23EC6B6700A3A9F4 /* NYTTopStoriesTests.swift */,
				8D4CD88C23EC6B6700A3A9F4 /* Info.plist */,
			);
			path = NYTTopStoriesTests;
			sourceTree = "<group>";
		};
		8D4CD89523EC6C2700A3A9F4 /* Views */ = {
			isa = PBXGroup;
			children = (
				8DA0D6D223F1B34000B16097 /* EmptyView.swift */,
				8DA0D6D023F1AC3600B16097 /* SavedArticleView.swift */,
				8D4CD8A023EC715B00A3A9F4 /* NewsFeedView.swift */,
				8D4CD8B323EDD12400A3A9F4 /* ArticleDetailView.swift */,
				8DA0D6D623F1CDDF00B16097 /* SettingsView.swift */,
			);
			path = Views;
			sourceTree = "<group>";
		};
		8D4CD89623EC6C4700A3A9F4 /* ViewControllers */ = {
			isa = PBXGroup;
			children = (
				8D4CD89723EC6C8100A3A9F4 /* TopStoriesTabViewController.swift */,
				8D4CD89A23EC6E5100A3A9F4 /* NewsFeedViewController.swift */,
				8D4CD89C23EC6E6C00A3A9F4 /* SavedArticlesViewController.swift */,
				8D4CD89E23EC6E8600A3A9F4 /* SettingsViewController.swift */,
				8D4CD8B123EDCB6F00A3A9F4 /* ArticleDetailController.swift */,
			);
			path = ViewControllers;
			sourceTree = "<group>";
		};
		8D4CD8A223EC851A00A3A9F4 /* NetworkServices */ = {
			isa = PBXGroup;
			children = (
				8D4CD8A323EC854200A3A9F4 /* TopStoryModel.swift */,
				8D4CD8A523EC862500A3A9F4 /* NYTTopStoriesAPIClient.swift */,
			);
			path = NetworkServices;
			sourceTree = "<group>";
		};
		8D4CD8AE23EDB64E00A3A9F4 /* Cells */ = {
			isa = PBXGroup;
			children = (
				8D4CD8AF23EDB6EC00A3A9F4 /* NewsCell.swift */,
				8DA0D6D423F1BB6700B16097 /* SavedArticleCell.swift */,
			);
			path = Cells;
			sourceTree = "<group>";
		};
/* End PBXGroup section */

/* Begin PBXNativeTarget section */
		8D4CD86F23EC6B6300A3A9F4 /* NYTTopStories */ = {
			isa = PBXNativeTarget;
			buildConfigurationList = 8D4CD88F23EC6B6700A3A9F4 /* Build configuration list for PBXNativeTarget "NYTTopStories" */;
			buildPhases = (
				8D4CD86C23EC6B6300A3A9F4 /* Sources */,
				8D4CD86D23EC6B6300A3A9F4 /* Frameworks */,
				8D4CD86E23EC6B6300A3A9F4 /* Resources */,
			);
			buildRules = (
			);
			dependencies = (
			);
			name = NYTTopStories;
			packageProductDependencies = (
				8D4CD8A823EC86A300A3A9F4 /* ImageKit */,
			);
			productName = NYTTopStories;
			productReference = 8D4CD87023EC6B6300A3A9F4 /* NYTTopStories.app */;
			productType = "com.apple.product-type.application";
		};
		8D4CD88523EC6B6700A3A9F4 /* NYTTopStoriesTests */ = {
			isa = PBXNativeTarget;
			buildConfigurationList = 8D4CD89223EC6B6700A3A9F4 /* Build configuration list for PBXNativeTarget "NYTTopStoriesTests" */;
			buildPhases = (
				8D4CD88223EC6B6700A3A9F4 /* Sources */,
				8D4CD88323EC6B6700A3A9F4 /* Frameworks */,
				8D4CD88423EC6B6700A3A9F4 /* Resources */,
			);
			buildRules = (
			);
			dependencies = (
				8D4CD88823EC6B6700A3A9F4 /* PBXTargetDependency */,
			);
			name = NYTTopStoriesTests;
			productName = NYTTopStoriesTests;
			productReference = 8D4CD88623EC6B6700A3A9F4 /* NYTTopStoriesTests.xctest */;
			productType = "com.apple.product-type.bundle.unit-test";
		};
/* End PBXNativeTarget section */

/* Begin PBXProject section */
		8D4CD86823EC6B6300A3A9F4 /* Project object */ = {
			isa = PBXProject;
			attributes = {
				LastSwiftUpdateCheck = 1120;
				LastUpgradeCheck = 1120;
				ORGANIZATIONNAME = "Luba Kaper";
				TargetAttributes = {
					8D4CD86F23EC6B6300A3A9F4 = {
						CreatedOnToolsVersion = 11.2.1;
					};
					8D4CD88523EC6B6700A3A9F4 = {
						CreatedOnToolsVersion = 11.2.1;
						TestTargetID = 8D4CD86F23EC6B6300A3A9F4;
					};
				};
			};
			buildConfigurationList = 8D4CD86B23EC6B6300A3A9F4 /* Build configuration list for PBXProject "NYTTopStories" */;
			compatibilityVersion = "Xcode 9.3";
			developmentRegion = en;
			hasScannedForEncodings = 0;
			knownRegions = (
				en,
				Base,
			);
			mainGroup = 8D4CD86723EC6B6200A3A9F4;
			packageReferences = (
				8D4CD8A723EC86A300A3A9F4 /* XCRemoteSwiftPackageReference "imageKit" */,
			);
			productRefGroup = 8D4CD87123EC6B6300A3A9F4 /* Products */;
			projectDirPath = "";
			projectRoot = "";
			targets = (
				8D4CD86F23EC6B6300A3A9F4 /* NYTTopStories */,
				8D4CD88523EC6B6700A3A9F4 /* NYTTopStoriesTests */,
			);
		};
/* End PBXProject section */

/* Begin PBXResourcesBuildPhase section */
		8D4CD86E23EC6B6300A3A9F4 /* Resources */ = {
			isa = PBXResourcesBuildPhase;
			buildActionMask = 2147483647;
			files = (
				8D4CD88023EC6B6700A3A9F4 /* LaunchScreen.storyboard in Resources */,
				8D4CD87D23EC6B6700A3A9F4 /* Assets.xcassets in Resources */,
			);
			runOnlyForDeploymentPostprocessing = 0;
		};
		8D4CD88423EC6B6700A3A9F4 /* Resources */ = {
			isa = PBXResourcesBuildPhase;
			buildActionMask = 2147483647;
			files = (
			);
			runOnlyForDeploymentPostprocessing = 0;
		};
/* End PBXResourcesBuildPhase section */

/* Begin PBXSourcesBuildPhase section */
		8D4CD86C23EC6B6300A3A9F4 /* Sources */ = {
			isa = PBXSourcesBuildPhase;
			buildActionMask = 2147483647;
			files = (
				8D4CD89823EC6C8100A3A9F4 /* TopStoriesTabViewController.swift in Sources */,
				8DA0D6D323F1B34000B16097 /* EmptyView.swift in Sources */,
				8D4CD8B423EDD12400A3A9F4 /* ArticleDetailView.swift in Sources */,
				8D4CD87423EC6B6300A3A9F4 /* AppDelegate.swift in Sources */,
				8D4CD87623EC6B6300A3A9F4 /* SceneDelegate.swift in Sources */,
				8DA0D6D723F1CDDF00B16097 /* SettingsView.swift in Sources */,
				8D4CD8B223EDCB6F00A3A9F4 /* ArticleDetailController.swift in Sources */,
				8DA0D6D123F1AC3600B16097 /* SavedArticleView.swift in Sources */,
				8D4CD8A423EC854200A3A9F4 /* TopStoryModel.swift in Sources */,
				8DA0D6D523F1BB6700B16097 /* SavedArticleCell.swift in Sources */,
				8D4CD89D23EC6E6C00A3A9F4 /* SavedArticlesViewController.swift in Sources */,
				8D4CD8A623EC862500A3A9F4 /* NYTTopStoriesAPIClient.swift in Sources */,
				8D4CD8A123EC715B00A3A9F4 /* NewsFeedView.swift in Sources */,
				8D4CD8AB23EC8BFF00A3A9F4 /* Config.swift in Sources */,
				8D4CD89B23EC6E5100A3A9F4 /* NewsFeedViewController.swift in Sources */,
				8D4CD89F23EC6E8600A3A9F4 /* SettingsViewController.swift in Sources */,
				8D4CD8B023EDB6EC00A3A9F4 /* NewsCell.swift in Sources */,
			);
			runOnlyForDeploymentPostprocessing = 0;
		};
		8D4CD88223EC6B6700A3A9F4 /* Sources */ = {
			isa = PBXSourcesBuildPhase;
			buildActionMask = 2147483647;
			files = (
				8D4CD88B23EC6B6700A3A9F4 /* NYTTopStoriesTests.swift in Sources */,
			);
			runOnlyForDeploymentPostprocessing = 0;
		};
/* End PBXSourcesBuildPhase section */

/* Begin PBXTargetDependency section */
		8D4CD88823EC6B6700A3A9F4 /* PBXTargetDependency */ = {
			isa = PBXTargetDependency;
			target = 8D4CD86F23EC6B6300A3A9F4 /* NYTTopStories */;
			targetProxy = 8D4CD88723EC6B6700A3A9F4 /* PBXContainerItemProxy */;
		};
/* End PBXTargetDependency section */

/* Begin PBXVariantGroup section */
		8D4CD87E23EC6B6700A3A9F4 /* LaunchScreen.storyboard */ = {
			isa = PBXVariantGroup;
			children = (
				8D4CD87F23EC6B6700A3A9F4 /* Base */,
			);
			name = LaunchScreen.storyboard;
			sourceTree = "<group>";
		};
/* End PBXVariantGroup section */

/* Begin XCBuildConfiguration section */
		8D4CD88D23EC6B6700A3A9F4 /* Debug */ = {
			isa = XCBuildConfiguration;
			buildSettings = {
				ALWAYS_SEARCH_USER_PATHS = NO;
				CLANG_ANALYZER_NONNULL = YES;
				CLANG_ANALYZER_NUMBER_OBJECT_CONVERSION = YES_AGGRESSIVE;
				CLANG_CXX_LANGUAGE_STANDARD = "gnu++14";
				CLANG_CXX_LIBRARY = "libc++";
				CLANG_ENABLE_MODULES = YES;
				CLANG_ENABLE_OBJC_ARC = YES;
				CLANG_ENABLE_OBJC_WEAK = YES;
				CLANG_WARN_BLOCK_CAPTURE_AUTORELEASING = YES;
				CLANG_WARN_BOOL_CONVERSION = YES;
				CLANG_WARN_COMMA = YES;
				CLANG_WARN_CONSTANT_CONVERSION = YES;
				CLANG_WARN_DEPRECATED_OBJC_IMPLEMENTATIONS = YES;
				CLANG_WARN_DIRECT_OBJC_ISA_USAGE = YES_ERROR;
				CLANG_WARN_DOCUMENTATION_COMMENTS = YES;
				CLANG_WARN_EMPTY_BODY = YES;
				CLANG_WARN_ENUM_CONVERSION = YES;
				CLANG_WARN_INFINITE_RECURSION = YES;
				CLANG_WARN_INT_CONVERSION = YES;
				CLANG_WARN_NON_LITERAL_NULL_CONVERSION = YES;
				CLANG_WARN_OBJC_IMPLICIT_RETAIN_SELF = YES;
				CLANG_WARN_OBJC_LITERAL_CONVERSION = YES;
				CLANG_WARN_OBJC_ROOT_CLASS = YES_ERROR;
				CLANG_WARN_RANGE_LOOP_ANALYSIS = YES;
				CLANG_WARN_STRICT_PROTOTYPES = YES;
				CLANG_WARN_SUSPICIOUS_MOVE = YES;
				CLANG_WARN_UNGUARDED_AVAILABILITY = YES_AGGRESSIVE;
				CLANG_WARN_UNREACHABLE_CODE = YES;
				CLANG_WARN__DUPLICATE_METHOD_MATCH = YES;
				COPY_PHASE_STRIP = NO;
				DEBUG_INFORMATION_FORMAT = dwarf;
				ENABLE_STRICT_OBJC_MSGSEND = YES;
				ENABLE_TESTABILITY = YES;
				GCC_C_LANGUAGE_STANDARD = gnu11;
				GCC_DYNAMIC_NO_PIC = NO;
				GCC_NO_COMMON_BLOCKS = YES;
				GCC_OPTIMIZATION_LEVEL = 0;
				GCC_PREPROCESSOR_DEFINITIONS = (
					"DEBUG=1",
					"$(inherited)",
				);
				GCC_WARN_64_TO_32_BIT_CONVERSION = YES;
				GCC_WARN_ABOUT_RETURN_TYPE = YES_ERROR;
				GCC_WARN_UNDECLARED_SELECTOR = YES;
				GCC_WARN_UNINITIALIZED_AUTOS = YES_AGGRESSIVE;
				GCC_WARN_UNUSED_FUNCTION = YES;
				GCC_WARN_UNUSED_VARIABLE = YES;
				IPHONEOS_DEPLOYMENT_TARGET = 13.2;
				MTL_ENABLE_DEBUG_INFO = INCLUDE_SOURCE;
				MTL_FAST_MATH = YES;
				ONLY_ACTIVE_ARCH = YES;
				SDKROOT = iphoneos;
				SWIFT_ACTIVE_COMPILATION_CONDITIONS = DEBUG;
				SWIFT_OPTIMIZATION_LEVEL = "-Onone";
			};
			name = Debug;
		};
		8D4CD88E23EC6B6700A3A9F4 /* Release */ = {
			isa = XCBuildConfiguration;
			buildSettings = {
				ALWAYS_SEARCH_USER_PATHS = NO;
				CLANG_ANALYZER_NONNULL = YES;
				CLANG_ANALYZER_NUMBER_OBJECT_CONVERSION = YES_AGGRESSIVE;
				CLANG_CXX_LANGUAGE_STANDARD = "gnu++14";
				CLANG_CXX_LIBRARY = "libc++";
				CLANG_ENABLE_MODULES = YES;
				CLANG_ENABLE_OBJC_ARC = YES;
				CLANG_ENABLE_OBJC_WEAK = YES;
				CLANG_WARN_BLOCK_CAPTURE_AUTORELEASING = YES;
				CLANG_WARN_BOOL_CONVERSION = YES;
				CLANG_WARN_COMMA = YES;
				CLANG_WARN_CONSTANT_CONVERSION = YES;
				CLANG_WARN_DEPRECATED_OBJC_IMPLEMENTATIONS = YES;
				CLANG_WARN_DIRECT_OBJC_ISA_USAGE = YES_ERROR;
				CLANG_WARN_DOCUMENTATION_COMMENTS = YES;
				CLANG_WARN_EMPTY_BODY = YES;
				CLANG_WARN_ENUM_CONVERSION = YES;
				CLANG_WARN_INFINITE_RECURSION = YES;
				CLANG_WARN_INT_CONVERSION = YES;
				CLANG_WARN_NON_LITERAL_NULL_CONVERSION = YES;
				CLANG_WARN_OBJC_IMPLICIT_RETAIN_SELF = YES;
				CLANG_WARN_OBJC_LITERAL_CONVERSION = YES;
				CLANG_WARN_OBJC_ROOT_CLASS = YES_ERROR;
				CLANG_WARN_RANGE_LOOP_ANALYSIS = YES;
				CLANG_WARN_STRICT_PROTOTYPES = YES;
				CLANG_WARN_SUSPICIOUS_MOVE = YES;
				CLANG_WARN_UNGUARDED_AVAILABILITY = YES_AGGRESSIVE;
				CLANG_WARN_UNREACHABLE_CODE = YES;
				CLANG_WARN__DUPLICATE_METHOD_MATCH = YES;
				COPY_PHASE_STRIP = NO;
				DEBUG_INFORMATION_FORMAT = "dwarf-with-dsym";
				ENABLE_NS_ASSERTIONS = NO;
				ENABLE_STRICT_OBJC_MSGSEND = YES;
				GCC_C_LANGUAGE_STANDARD = gnu11;
				GCC_NO_COMMON_BLOCKS = YES;
				GCC_WARN_64_TO_32_BIT_CONVERSION = YES;
				GCC_WARN_ABOUT_RETURN_TYPE = YES_ERROR;
				GCC_WARN_UNDECLARED_SELECTOR = YES;
				GCC_WARN_UNINITIALIZED_AUTOS = YES_AGGRESSIVE;
				GCC_WARN_UNUSED_FUNCTION = YES;
				GCC_WARN_UNUSED_VARIABLE = YES;
				IPHONEOS_DEPLOYMENT_TARGET = 13.2;
				MTL_ENABLE_DEBUG_INFO = NO;
				MTL_FAST_MATH = YES;
				SDKROOT = iphoneos;
				SWIFT_COMPILATION_MODE = wholemodule;
				SWIFT_OPTIMIZATION_LEVEL = "-O";
				VALIDATE_PRODUCT = YES;
			};
			name = Release;
		};
		8D4CD89023EC6B6700A3A9F4 /* Debug */ = {
			isa = XCBuildConfiguration;
			buildSettings = {
				ASSETCATALOG_COMPILER_APPICON_NAME = AppIcon;
				CODE_SIGN_STYLE = Automatic;
				DEVELOPMENT_TEAM = CNV924Q9C2;
				INFOPLIST_FILE = NYTTopStories/Info.plist;
				LD_RUNPATH_SEARCH_PATHS = (
					"$(inherited)",
					"@executable_path/Frameworks",
				);
				PRODUCT_BUNDLE_IDENTIFIER = com.lubakaper.NYTTopStories;
				PRODUCT_NAME = "$(TARGET_NAME)";
				SWIFT_VERSION = 5.0;
				TARGETED_DEVICE_FAMILY = "1,2";
			};
			name = Debug;
		};
		8D4CD89123EC6B6700A3A9F4 /* Release */ = {
			isa = XCBuildConfiguration;
			buildSettings = {
				ASSETCATALOG_COMPILER_APPICON_NAME = AppIcon;
				CODE_SIGN_STYLE = Automatic;
				DEVELOPMENT_TEAM = CNV924Q9C2;
				INFOPLIST_FILE = NYTTopStories/Info.plist;
				LD_RUNPATH_SEARCH_PATHS = (
					"$(inherited)",
					"@executable_path/Frameworks",
				);
				PRODUCT_BUNDLE_IDENTIFIER = com.lubakaper.NYTTopStories;
				PRODUCT_NAME = "$(TARGET_NAME)";
				SWIFT_VERSION = 5.0;
				TARGETED_DEVICE_FAMILY = "1,2";
			};
			name = Release;
		};
		8D4CD89323EC6B6700A3A9F4 /* Debug */ = {
			isa = XCBuildConfiguration;
			buildSettings = {
				ALWAYS_EMBED_SWIFT_STANDARD_LIBRARIES = YES;
				BUNDLE_LOADER = "$(TEST_HOST)";
				CODE_SIGN_STYLE = Automatic;
				DEVELOPMENT_TEAM = CNV924Q9C2;
				INFOPLIST_FILE = NYTTopStoriesTests/Info.plist;
				IPHONEOS_DEPLOYMENT_TARGET = 13.2;
				LD_RUNPATH_SEARCH_PATHS = (
					"$(inherited)",
					"@executable_path/Frameworks",
					"@loader_path/Frameworks",
				);
				PRODUCT_BUNDLE_IDENTIFIER = com.lubakaper.NYTTopStoriesTests;
				PRODUCT_NAME = "$(TARGET_NAME)";
				SWIFT_VERSION = 5.0;
				TARGETED_DEVICE_FAMILY = "1,2";
				TEST_HOST = "$(BUILT_PRODUCTS_DIR)/NYTTopStories.app/NYTTopStories";
			};
			name = Debug;
		};
		8D4CD89423EC6B6700A3A9F4 /* Release */ = {
			isa = XCBuildConfiguration;
			buildSettings = {
				ALWAYS_EMBED_SWIFT_STANDARD_LIBRARIES = YES;
				BUNDLE_LOADER = "$(TEST_HOST)";
				CODE_SIGN_STYLE = Automatic;
				DEVELOPMENT_TEAM = CNV924Q9C2;
				INFOPLIST_FILE = NYTTopStoriesTests/Info.plist;
				IPHONEOS_DEPLOYMENT_TARGET = 13.2;
				LD_RUNPATH_SEARCH_PATHS = (
					"$(inherited)",
					"@executable_path/Frameworks",
					"@loader_path/Frameworks",
				);
				PRODUCT_BUNDLE_IDENTIFIER = com.lubakaper.NYTTopStoriesTests;
				PRODUCT_NAME = "$(TARGET_NAME)";
				SWIFT_VERSION = 5.0;
				TARGETED_DEVICE_FAMILY = "1,2";
				TEST_HOST = "$(BUILT_PRODUCTS_DIR)/NYTTopStories.app/NYTTopStories";
			};
			name = Release;
		};
/* End XCBuildConfiguration section */

/* Begin XCConfigurationList section */
		8D4CD86B23EC6B6300A3A9F4 /* Build configuration list for PBXProject "NYTTopStories" */ = {
			isa = XCConfigurationList;
			buildConfigurations = (
				8D4CD88D23EC6B6700A3A9F4 /* Debug */,
				8D4CD88E23EC6B6700A3A9F4 /* Release */,
			);
			defaultConfigurationIsVisible = 0;
			defaultConfigurationName = Release;
		};
		8D4CD88F23EC6B6700A3A9F4 /* Build configuration list for PBXNativeTarget "NYTTopStories" */ = {
			isa = XCConfigurationList;
			buildConfigurations = (
				8D4CD89023EC6B6700A3A9F4 /* Debug */,
				8D4CD89123EC6B6700A3A9F4 /* Release */,
			);
			defaultConfigurationIsVisible = 0;
			defaultConfigurationName = Release;
		};
		8D4CD89223EC6B6700A3A9F4 /* Build configuration list for PBXNativeTarget "NYTTopStoriesTests" */ = {
			isa = XCConfigurationList;
			buildConfigurations = (
				8D4CD89323EC6B6700A3A9F4 /* Debug */,
				8D4CD89423EC6B6700A3A9F4 /* Release */,
			);
			defaultConfigurationIsVisible = 0;
			defaultConfigurationName = Release;
		};
/* End XCConfigurationList section */

/* Begin XCRemoteSwiftPackageReference section */
		8D4CD8A723EC86A300A3A9F4 /* XCRemoteSwiftPackageReference "imageKit" */ = {
			isa = XCRemoteSwiftPackageReference;
			repositoryURL = "https://github.com/alexpaul/imageKit";
			requirement = {
				kind = upToNextMajorVersion;
				minimumVersion = 1.0.4;
			};
		};
/* End XCRemoteSwiftPackageReference section */

/* Begin XCSwiftPackageProductDependency section */
		8D4CD8A823EC86A300A3A9F4 /* ImageKit */ = {
			isa = XCSwiftPackageProductDependency;
			package = 8D4CD8A723EC86A300A3A9F4 /* XCRemoteSwiftPackageReference "imageKit" */;
			productName = ImageKit;
		};
/* End XCSwiftPackageProductDependency section */
	};
	rootObject = 8D4CD86823EC6B6300A3A9F4 /* Project object */;
}
